
Microsoft Visual Studio Solution File, Format Version 12.00
# Visual Studio Version 16
VisualStudioVersion = 16.0.31019.35
MinimumVisualStudioVersion = 10.0.40219.1
Project("{FAE04EC0-301F-11D3-BF4B-00C04F79EFBC}") = "AsyncTraining", "AsyncTraining\AsyncTraining.csproj", "{65785817-C077-4953-ABEF-5944BB376ADA}"
EndProject
Global
	GlobalSection(SolutionConfigurationPlatforms) = preSolution
		Debug|Any CPU = Debug|Any CPU
		Release|Any CPU = Release|Any CPU
	EndGlobalSection
	GlobalSection(ProjectConfigurationPlatforms) = postSolution
		{65785817-C077-4953-ABEF-5944BB376ADA}.Debug|Any CPU.ActiveCfg = Debug|Any CPU
		{65785817-C077-4953-ABEF-5944BB376ADA}.Debug|Any CPU.Build.0 = Debug|Any CPU
		{65785817-C077-4953-ABEF-5944BB376ADA}.Release|Any CPU.ActiveCfg = Release|Any CPU
		{65785817-C077-4953-ABEF-5944BB376ADA}.Release|Any CPU.Build.0 = Release|Any CPU
	EndGlobalSection
	GlobalSection(SolutionProperties) = preSolution
		HideSolutionNode = FALSE
	EndGlobalSection
	GlobalSection(ExtensibilityGlobals) = postSolution
		SolutionGuid = {95E8DD7B-FBF0-41ED-AABE-01D97C359C43}
	EndGlobalSection
EndGlobal
